
Microsoft Visual Studio Solution File, Format Version 12.00
# Visual Studio 15
VisualStudioVersion = 15.0.28307.1340
MinimumVisualStudioVersion = 10.0.40219.1
Project("{FAE04EC0-301F-11D3-BF4B-00C04F79EFBC}") = "ProyectoCorto", "ProyectoCorto\ProyectoCorto.csproj", "{7698CC24-EFA9-4ECD-B42E-6292D877676B}"
EndProject
Global
	GlobalSection(SolutionConfigurationPlatforms) = preSolution
		Debug|Any CPU = Debug|Any CPU
		Release|Any CPU = Release|Any CPU
	EndGlobalSection
	GlobalSection(ProjectConfigurationPlatforms) = postSolution
		{7698CC24-EFA9-4ECD-B42E-6292D877676B}.Debug|Any CPU.ActiveCfg = Debug|Any CPU
		{7698CC24-EFA9-4ECD-B42E-6292D877676B}.Debug|Any CPU.Build.0 = Debug|Any CPU
		{7698CC24-EFA9-4ECD-B42E-6292D877676B}.Release|Any CPU.ActiveCfg = Release|Any CPU
		{7698CC24-EFA9-4ECD-B42E-6292D877676B}.Release|Any CPU.Build.0 = Release|Any CPU
	EndGlobalSection
	GlobalSection(SolutionProperties) = preSolution
		HideSolutionNode = FALSE
	EndGlobalSection
	GlobalSection(ExtensibilityGlobals) = postSolution
		SolutionGuid = {C5EAC7A7-EE07-49CF-A084-0B58F9892851}
	EndGlobalSection
EndGlobal
